{
  "requires": true,
  "lockfileVersion": 1,
  "dependencies": {
    "langdetect": {
      "version": "0.2.1",
      "resolved": "https://registry.npmjs.org/langdetect/-/langdetect-0.2.1.tgz",
      "integrity": "sha1-18qDOUl6TdZcTfk11G40S/6obQE=",
      "requires": {
        "unicode-9.0.0": "0.7.0"
      }
    },
    "unicode-9.0.0": {
      "version": "0.7.0",
      "resolved": "https://registry.npmjs.org/unicode-9.0.0/-/unicode-9.0.0-0.7.0.tgz",
      "integrity": "sha1-TTA8r5xtvyuXmUPBijhOImZDuTc="
    }
  }
}
